
Microsoft Visual Studio Solution File, Format Version 12.00
# Visual Studio 15
VisualStudioVersion = 15.0.28307.271
MinimumVisualStudioVersion = 10.0.40219.1
Project("{8BC9CEB8-8B4A-11D0-8D11-00A0C91BC942}") = "Project2-1", "Project2.vcxproj", "{0A587B55-44BB-4BFF-96F0-621054B506A3}"
EndProject
Project("{8BC9CEB8-8B4A-11D0-8D11-00A0C91BC942}") = "Project2-3", "Project2-3\Project2-3.vcxproj", "{467D26A6-9FA8-4AC9-BB72-46740FF3BCDB}"
EndProject
Project("{8BC9CEB8-8B4A-11D0-8D11-00A0C91BC942}") = "Project2-5", "Project2-5\Project2-5.vcxproj", "{9B0EF82D-DA7E-4E49-8AC5-D9A87E76D5DD}"
EndProject
Project("{8BC9CEB8-8B4A-11D0-8D11-00A0C91BC942}") = "Project2-6", "Project2-6\Project2-6.vcxproj", "{CD99FDEE-DB2E-49BC-AE9E-08DF2D8AB991}"
EndProject
Project("{8BC9CEB8-8B4A-11D0-8D11-00A0C91BC942}") = "Project2-2", "Project2-2\Project2-2.vcxproj", "{FFAE0437-5B1D-48CE-8FF2-E7FE46BF0533}"
EndProject
Project("{8BC9CEB8-8B4A-11D0-8D11-00A0C91BC942}") = "Project2-4", "Project2-4\Project2-4.vcxproj", "{82ABE377-F163-41F8-91E9-B72E4D8C8EB1}"
EndProject
Project("{8BC9CEB8-8B4A-11D0-8D11-00A0C91BC942}") = "Project2-7", "Project2-7\Project2-7.vcxproj", "{26D2494C-F68C-42C6-AA22-6FB7A028F40D}"
EndProject
Global
	GlobalSection(SolutionConfigurationPlatforms) = preSolution
		Debug|x64 = Debug|x64
		Debug|x86 = Debug|x86
		Release|x64 = Release|x64
		Release|x86 = Release|x86
	EndGlobalSection
	GlobalSection(ProjectConfigurationPlatforms) = postSolution
		{0A587B55-44BB-4BFF-96F0-621054B506A3}.Debug|x64.ActiveCfg = Debug|x64
		{0A587B55-44BB-4BFF-96F0-621054B506A3}.Debug|x64.Build.0 = Debug|x64
		{0A587B55-44BB-4BFF-96F0-621054B506A3}.Debug|x86.ActiveCfg = Debug|Win32
		{0A587B55-44BB-4BFF-96F0-621054B506A3}.Debug|x86.Build.0 = Debug|Win32
		{0A587B55-44BB-4BFF-96F0-621054B506A3}.Release|x64.ActiveCfg = Release|x64
		{0A587B55-44BB-4BFF-96F0-621054B506A3}.Release|x64.Build.0 = Release|x64
		{0A587B55-44BB-4BFF-96F0-621054B506A3}.Release|x86.ActiveCfg = Release|Win32
		{0A587B55-44BB-4BFF-96F0-621054B506A3}.Release|x86.Build.0 = Release|Win32
		{467D26A6-9FA8-4AC9-BB72-46740FF3BCDB}.Debug|x64.ActiveCfg = Debug|x64
		{467D26A6-9FA8-4AC9-BB72-46740FF3BCDB}.Debug|x64.Build.0 = Debug|x64
		{467D26A6-9FA8-4AC9-BB72-46740FF3BCDB}.Debug|x86.ActiveCfg = Debug|Win32
		{467D26A6-9FA8-4AC9-BB72-46740FF3BCDB}.Debug|x86.Build.0 = Debug|Win32
		{467D26A6-9FA8-4AC9-BB72-46740FF3BCDB}.Release|x64.ActiveCfg = Release|x64
		{467D26A6-9FA8-4AC9-BB72-46740FF3BCDB}.Release|x64.Build.0 = Release|x64
		{467D26A6-9FA8-4AC9-BB72-46740FF3BCDB}.Release|x86.ActiveCfg = Release|Win32
		{467D26A6-9FA8-4AC9-BB72-46740FF3BCDB}.Release|x86.Build.0 = Release|Win32
		{9B0EF82D-DA7E-4E49-8AC5-D9A87E76D5DD}.Debug|x64.ActiveCfg = Debug|x64
		{9B0EF82D-DA7E-4E49-8AC5-D9A87E76D5DD}.Debug|x64.Build.0 = Debug|x64
		{9B0EF82D-DA7E-4E49-8AC5-D9A87E76D5DD}.Debug|x86.ActiveCfg = Debug|Win32
		{9B0EF82D-DA7E-4E49-8AC5-D9A87E76D5DD}.Debug|x86.Build.0 = Debug|Win32
		{9B0EF82D-DA7E-4E49-8AC5-D9A87E76D5DD}.Release|x64.ActiveCfg = Release|x64
		{9B0EF82D-DA7E-4E49-8AC5-D9A87E76D5DD}.Release|x64.Build.0 = Release|x64
		{9B0EF82D-DA7E-4E49-8AC5-D9A87E76D5DD}.Release|x86.ActiveCfg = Release|Win32
		{9B0EF82D-DA7E-4E49-8AC5-D9A87E76D5DD}.Release|x86.Build.0 = Release|Win32
		{CD99FDEE-DB2E-49BC-AE9E-08DF2D8AB991}.Debug|x64.ActiveCfg = Debug|x64
		{CD99FDEE-DB2E-49BC-AE9E-08DF2D8AB991}.Debug|x64.Build.0 = Debug|x64
		{CD99FDEE-DB2E-49BC-AE9E-08DF2D8AB991}.Debug|x86.ActiveCfg = Debug|Win32
		{CD99FDEE-DB2E-49BC-AE9E-08DF2D8AB991}.Debug|x86.Build.0 = Debug|Win32
		{CD99FDEE-DB2E-49BC-AE9E-08DF2D8AB991}.Release|x64.ActiveCfg = Release|x64
		{CD99FDEE-DB2E-49BC-AE9E-08DF2D8AB991}.Release|x64.Build.0 = Release|x64
		{CD99FDEE-DB2E-49BC-AE9E-08DF2D8AB991}.Release|x86.ActiveCfg = Release|Win32
		{CD99FDEE-DB2E-49BC-AE9E-08DF2D8AB991}.Release|x86.Build.0 = Release|Win32
		{FFAE0437-5B1D-48CE-8FF2-E7FE46BF0533}.Debug|x64.ActiveCfg = Debug|x64
		{FFAE0437-5B1D-48CE-8FF2-E7FE46BF0533}.Debug|x64.Build.0 = Debug|x64
		{FFAE0437-5B1D-48CE-8FF2-E7FE46BF0533}.Debug|x86.ActiveCfg = Debug|Win32
		{FFAE0437-5B1D-48CE-8FF2-E7FE46BF0533}.Debug|x86.Build.0 = Debug|Win32
		{FFAE0437-5B1D-48CE-8FF2-E7FE46BF0533}.Release|x64.ActiveCfg = Release|x64
		{FFAE0437-5B1D-48CE-8FF2-E7FE46BF0533}.Release|x64.Build.0 = Release|x64
		{FFAE0437-5B1D-48CE-8FF2-E7FE46BF0533}.Release|x86.ActiveCfg = Release|Win32
		{FFAE0437-5B1D-48CE-8FF2-E7FE46BF0533}.Release|x86.Build.0 = Release|Win32
		{82ABE377-F163-41F8-91E9-B72E4D8C8EB1}.Debug|x64.ActiveCfg = Debug|x64
		{82ABE377-F163-41F8-91E9-B72E4D8C8EB1}.Debug|x64.Build.0 = Debug|x64
		{82ABE377-F163-41F8-91E9-B72E4D8C8EB1}.Debug|x86.ActiveCfg = Debug|Win32
		{82ABE377-F163-41F8-91E9-B72E4D8C8EB1}.Debug|x86.Build.0 = Debug|Win32
		{82ABE377-F163-41F8-91E9-B72E4D8C8EB1}.Release|x64.ActiveCfg = Release|x64
		{82ABE377-F163-41F8-91E9-B72E4D8C8EB1}.Release|x64.Build.0 = Release|x64
		{82ABE377-F163-41F8-91E9-B72E4D8C8EB1}.Release|x86.ActiveCfg = Release|Win32
		{82ABE377-F163-41F8-91E9-B72E4D8C8EB1}.Release|x86.Build.0 = Release|Win32
		{26D2494C-F68C-42C6-AA22-6FB7A028F40D}.Debug|x64.ActiveCfg = Debug|x64
		{26D2494C-F68C-42C6-AA22-6FB7A028F40D}.Debug|x64.Build.0 = Debug|x64
		{26D2494C-F68C-42C6-AA22-6FB7A028F40D}.Debug|x86.ActiveCfg = Debug|Win32
		{26D2494C-F68C-42C6-AA22-6FB7A028F40D}.Debug|x86.Build.0 = Debug|Win32
		{26D2494C-F68C-42C6-AA22-6FB7A028F40D}.Release|x64.ActiveCfg = Release|x64
		{26D2494C-F68C-42C6-AA22-6FB7A028F40D}.Release|x64.Build.0 = Release|x64
		{26D2494C-F68C-42C6-AA22-6FB7A028F40D}.Release|x86.ActiveCfg = Release|Win32
		{26D2494C-F68C-42C6-AA22-6FB7A028F40D}.Release|x86.Build.0 = Release|Win32
	EndGlobalSection
	GlobalSection(SolutionProperties) = preSolution
		HideSolutionNode = FALSE
	EndGlobalSection
	GlobalSection(ExtensibilityGlobals) = postSolution
		SolutionGuid = {4C2061A0-E227-49B1-B848-99E7B235DB5B}
	EndGlobalSection
EndGlobal
